
Microsoft Visual Studio Solution File, Format Version 12.00
# Visual Studio Version 17
VisualStudioVersion = 17.11.35327.3
MinimumVisualStudioVersion = 10.0.40219.1
Project("{9A19103F-16F7-4668-BE54-9A1E7A4F7556}") = "Entities", "Entities\Entities.csproj", "{A592281E-467F-478E-8B36-1B1563C8C3C3}"
EndProject
Project("{9A19103F-16F7-4668-BE54-9A1E7A4F7556}") = "DataAccess", "DataAccess\DataAccess.csproj", "{5C2EF2F7-3FBD-4616-A85B-52F4F4B02533}"
EndProject
Project("{9A19103F-16F7-4668-BE54-9A1E7A4F7556}") = "Business", "Business\Business.csproj", "{CA32D102-B6D1-4F56-BC45-4D90564D6210}"
EndProject
Project("{9A19103F-16F7-4668-BE54-9A1E7A4F7556}") = "ConsoleUI", "ConsoleUI\ConsoleUI.csproj", "{FA8F7E41-EE99-43EF-A0E5-668D152D5357}"
EndProject
Project("{FAE04EC0-301F-11D3-BF4B-00C04F79EFBC}") = "Core", "Core\Core.csproj", "{90F97CDB-08C0-48E0-9AC0-D71B45550A56}"
EndProject
Global
	GlobalSection(SolutionConfigurationPlatforms) = preSolution
		Debug|Any CPU = Debug|Any CPU
		Release|Any CPU = Release|Any CPU
	EndGlobalSection
	GlobalSection(ProjectConfigurationPlatforms) = postSolution
		{A592281E-467F-478E-8B36-1B1563C8C3C3}.Debug|Any CPU.ActiveCfg = Debug|Any CPU
		{A592281E-467F-478E-8B36-1B1563C8C3C3}.Debug|Any CPU.Build.0 = Debug|Any CPU
		{A592281E-467F-478E-8B36-1B1563C8C3C3}.Release|Any CPU.ActiveCfg = Release|Any CPU
		{A592281E-467F-478E-8B36-1B1563C8C3C3}.Release|Any CPU.Build.0 = Release|Any CPU
		{5C2EF2F7-3FBD-4616-A85B-52F4F4B02533}.Debug|Any CPU.ActiveCfg = Debug|Any CPU
		{5C2EF2F7-3FBD-4616-A85B-52F4F4B02533}.Debug|Any CPU.Build.0 = Debug|Any CPU
		{5C2EF2F7-3FBD-4616-A85B-52F4F4B02533}.Release|Any CPU.ActiveCfg = Release|Any CPU
		{5C2EF2F7-3FBD-4616-A85B-52F4F4B02533}.Release|Any CPU.Build.0 = Release|Any CPU
		{CA32D102-B6D1-4F56-BC45-4D90564D6210}.Debug|Any CPU.ActiveCfg = Debug|Any CPU
		{CA32D102-B6D1-4F56-BC45-4D90564D6210}.Debug|Any CPU.Build.0 = Debug|Any CPU
		{CA32D102-B6D1-4F56-BC45-4D90564D6210}.Release|Any CPU.ActiveCfg = Release|Any CPU
		{CA32D102-B6D1-4F56-BC45-4D90564D6210}.Release|Any CPU.Build.0 = Release|Any CPU
		{FA8F7E41-EE99-43EF-A0E5-668D152D5357}.Debug|Any CPU.ActiveCfg = Debug|Any CPU
		{FA8F7E41-EE99-43EF-A0E5-668D152D5357}.Debug|Any CPU.Build.0 = Debug|Any CPU
		{FA8F7E41-EE99-43EF-A0E5-668D152D5357}.Release|Any CPU.ActiveCfg = Release|Any CPU
		{FA8F7E41-EE99-43EF-A0E5-668D152D5357}.Release|Any CPU.Build.0 = Release|Any CPU
		{90F97CDB-08C0-48E0-9AC0-D71B45550A56}.Debug|Any CPU.ActiveCfg = Debug|Any CPU
		{90F97CDB-08C0-48E0-9AC0-D71B45550A56}.Debug|Any CPU.Build.0 = Debug|Any CPU
		{90F97CDB-08C0-48E0-9AC0-D71B45550A56}.Release|Any CPU.ActiveCfg = Release|Any CPU
		{90F97CDB-08C0-48E0-9AC0-D71B45550A56}.Release|Any CPU.Build.0 = Release|Any CPU
	EndGlobalSection
	GlobalSection(SolutionProperties) = preSolution
		HideSolutionNode = FALSE
	EndGlobalSection
	GlobalSection(ExtensibilityGlobals) = postSolution
		SolutionGuid = {B9E8417C-4206-4588-A12A-F48EB78D71C6}
	EndGlobalSection
EndGlobal
